
Microsoft Visual Studio Solution File, Format Version 12.00
# Visual Studio Version 17
VisualStudioVersion = 17.8.34511.84
MinimumVisualStudioVersion = 10.0.40219.1
Project("{9A19103F-16F7-4668-BE54-9A1E7A4F7556}") = "AuthorizedHttpClientSample", "src\AuthorizedHttpClientSample\AuthorizedHttpClientSample.csproj", "{A3DA0A41-3BE8-43B1-B753-00E43C4A7A2E}"
EndProject
Project("{9A19103F-16F7-4668-BE54-9A1E7A4F7556}") = "AuthorizedHttpClientSample.Cdek", "sample\AuthorizedHttpClientSample.Cdek\AuthorizedHttpClientSample.Cdek.csproj", "{C2748886-E7E2-42CF-919A-11539D71F4C7}"
EndProject
Project("{FAE04EC0-301F-11D3-BF4B-00C04F79EFBC}") = "AuthorizedHttpClientSample.Client", "sample\AuthorizedHttpClientSample.Client\AuthorizedHttpClientSample.Client.csproj", "{8399892C-A47A-4611-A857-0C2F8B52CD10}"
EndProject
Project("{FAE04EC0-301F-11D3-BF4B-00C04F79EFBC}") = "AuthorizedHttpClientSample.Server", "sample\AuthorizedHttpClientSample.Server\AuthorizedHttpClientSample.Server.csproj", "{284ACACE-BC41-4A4E-B23B-AA556C0BAE1A}"
EndProject
Global
	GlobalSection(SolutionConfigurationPlatforms) = preSolution
		Debug|Any CPU = Debug|Any CPU
		Release|Any CPU = Release|Any CPU
	EndGlobalSection
	GlobalSection(ProjectConfigurationPlatforms) = postSolution
		{A3DA0A41-3BE8-43B1-B753-00E43C4A7A2E}.Debug|Any CPU.ActiveCfg = Debug|Any CPU
		{A3DA0A41-3BE8-43B1-B753-00E43C4A7A2E}.Debug|Any CPU.Build.0 = Debug|Any CPU
		{A3DA0A41-3BE8-43B1-B753-00E43C4A7A2E}.Release|Any CPU.ActiveCfg = Release|Any CPU
		{A3DA0A41-3BE8-43B1-B753-00E43C4A7A2E}.Release|Any CPU.Build.0 = Release|Any CPU
		{C2748886-E7E2-42CF-919A-11539D71F4C7}.Debug|Any CPU.ActiveCfg = Debug|Any CPU
		{C2748886-E7E2-42CF-919A-11539D71F4C7}.Debug|Any CPU.Build.0 = Debug|Any CPU
		{C2748886-E7E2-42CF-919A-11539D71F4C7}.Release|Any CPU.ActiveCfg = Release|Any CPU
		{C2748886-E7E2-42CF-919A-11539D71F4C7}.Release|Any CPU.Build.0 = Release|Any CPU
		{8399892C-A47A-4611-A857-0C2F8B52CD10}.Debug|Any CPU.ActiveCfg = Debug|Any CPU
		{8399892C-A47A-4611-A857-0C2F8B52CD10}.Debug|Any CPU.Build.0 = Debug|Any CPU
		{8399892C-A47A-4611-A857-0C2F8B52CD10}.Release|Any CPU.ActiveCfg = Release|Any CPU
		{8399892C-A47A-4611-A857-0C2F8B52CD10}.Release|Any CPU.Build.0 = Release|Any CPU
		{284ACACE-BC41-4A4E-B23B-AA556C0BAE1A}.Debug|Any CPU.ActiveCfg = Debug|Any CPU
		{284ACACE-BC41-4A4E-B23B-AA556C0BAE1A}.Debug|Any CPU.Build.0 = Debug|Any CPU
		{284ACACE-BC41-4A4E-B23B-AA556C0BAE1A}.Release|Any CPU.ActiveCfg = Release|Any CPU
		{284ACACE-BC41-4A4E-B23B-AA556C0BAE1A}.Release|Any CPU.Build.0 = Release|Any CPU
	EndGlobalSection
	GlobalSection(SolutionProperties) = preSolution
		HideSolutionNode = FALSE
	EndGlobalSection
	GlobalSection(ExtensibilityGlobals) = postSolution
		SolutionGuid = {F08FCEC3-5AB3-40A9-BD95-0C8B83CF1C83}
	EndGlobalSection
EndGlobal
